
Microsoft Visual Studio Solution File, Format Version 12.00
# Visual Studio Version 17
VisualStudioVersion = 17.4.33110.190
MinimumVisualStudioVersion = 10.0.40219.1
Project("{FAE04EC0-301F-11D3-BF4B-00C04F79EFBC}") = "2 задание", "2 задание\2 задание.csproj", "{4B951E3A-C50C-4E45-8A97-8C428DD0DF05}"
EndProject
Global
	GlobalSection(SolutionConfigurationPlatforms) = preSolution
		Debug|Any CPU = Debug|Any CPU
		Release|Any CPU = Release|Any CPU
	EndGlobalSection
	GlobalSection(ProjectConfigurationPlatforms) = postSolution
		{4B951E3A-C50C-4E45-8A97-8C428DD0DF05}.Debug|Any CPU.ActiveCfg = Debug|Any CPU
		{4B951E3A-C50C-4E45-8A97-8C428DD0DF05}.Debug|Any CPU.Build.0 = Debug|Any CPU
		{4B951E3A-C50C-4E45-8A97-8C428DD0DF05}.Release|Any CPU.ActiveCfg = Release|Any CPU
		{4B951E3A-C50C-4E45-8A97-8C428DD0DF05}.Release|Any CPU.Build.0 = Release|Any CPU
	EndGlobalSection
	GlobalSection(SolutionProperties) = preSolution
		HideSolutionNode = FALSE
	EndGlobalSection
	GlobalSection(ExtensibilityGlobals) = postSolution
		SolutionGuid = {A99FD46D-D81D-47E3-82D0-93A7CCDC5817}
	EndGlobalSection
EndGlobal
